Microsoft Visual Studio Solution File, Format Version 12.00
# Visual Studio Version 17
VisualStudioVersion = 17.0.31903.59
MinimumVisualStudioVersion = 10.0.40219.1
Project("{9A19103F-16F7-4668-BE54-9A1E7A4F7556}") = "OnrightDigital.Api", "OnrightDigital.Api\OnrightDigital.Api.csproj", "{1C53600C-787D-4415-A5FF-696238ACE53B}"
EndProject
Global
	GlobalSection(SolutionConfigurationPlatforms) = preSolution
		Debug|Any CPU = Debug|Any CPU
		Release|Any CPU = Release|Any CPU
	EndGlobalSection
	GlobalSection(ProjectConfigurationPlatforms) = postSolution
		{1C53600C-787D-4415-A5FF-696238ACE53B}.Debug|Any CPU.ActiveCfg = Debug|Any CPU
		{1C53600C-787D-4415-A5FF-696238ACE53B}.Debug|Any CPU.Build.0 = Debug|Any CPU
		{1C53600C-787D-4415-A5FF-696238ACE53B}.Release|Any CPU.ActiveCfg = Release|Any CPU
		{1C53600C-787D-4415-A5FF-696238ACE53B}.Release|Any CPU.Build.0 = Release|Any CPU
	EndGlobalSection
	GlobalSection(SolutionProperties) = preSolution
		HideSolutionNode = FALSE
	EndGlobalSection
	GlobalSection(ExtensibilityGlobals) = postSolution
		SolutionGuid = {5F4395BF-2570-4C77-9619-26ACD9EEA566}
	EndGlobalSection
EndGlobal
